{
  "name": "mor",
  "lockfileVersion": 3,
  "requires": true,
  "packages": {
    "": {
      "dependencies": {
        "@elastic/apm-rum": "^5.16.0"
      }
    },
    "node_modules/@elastic/apm-rum": {
      "version": "5.16.0",
      "resolved": "https://registry.npmjs.org/@elastic/apm-rum/-/apm-rum-5.16.0.tgz",
      "integrity": "sha512-vNwRWDIccdu6iPDpCyrC3myRnpBzRH6wlAoOZjgSFJilQJMsymb8NzR1rkQmNEBca+frRuDCZabd+ylEZ47YBA==",
      "dependencies": {
        "@elastic/apm-rum-core": "^5.21.0"
      },
      "engines": {
        "node": ">=8.0.0"
      }
    },
    "node_modules/@elastic/apm-rum-core": {
      "version": "5.21.0",
      "resolved": "https://registry.npmjs.org/@elastic/apm-rum-core/-/apm-rum-core-5.21.0.tgz",
      "integrity": "sha512-O2Sq1CPq2baG3z2RGtgyG+Hybli3rwq4oMOCMvUSiTiMKBPY1dRCfuebs6KpZsk3euoqykN+oTp0DPKeOI+XIg==",
      "dependencies": {
        "error-stack-parser": "^1.3.5",
        "opentracing": "^0.14.3",
        "promise-polyfill": "^8.1.3"
      },
      "engines": {
        "node": ">=8.0.0"
      }
    },
    "node_modules/error-stack-parser": {
      "version": "1.3.6",
      "resolved": "https://registry.npmjs.org/error-stack-parser/-/error-stack-parser-1.3.6.tgz",
      "integrity": "sha512-xhuSYd8wLgOXwNgjcPeXMPL/IiiA1Huck+OPvClpJViVNNlJVtM41o+1emp7bPvlCJwCatFX2DWc05/DgfbWzA==",
      "dependencies": {
        "stackframe": "^0.3.1"
      }
    },
    "node_modules/opentracing": {
      "version": "0.14.7",
      "resolved": "https://registry.npmjs.org/opentracing/-/opentracing-0.14.7.tgz",
      "integrity": "sha512-vz9iS7MJ5+Bp1URw8Khvdyw1H/hGvzHWlKQ7eRrQojSCDL1/SrWfrY9QebLw97n2deyRtzHRC3MkQfVNUCo91Q==",
      "engines": {
        "node": ">=0.10"
      }
    },
    "node_modules/promise-polyfill": {
      "version": "8.3.0",
      "resolved": "https://registry.npmjs.org/promise-polyfill/-/promise-polyfill-8.3.0.tgz",
      "integrity": "sha512-H5oELycFml5yto/atYqmjyigJoAo3+OXwolYiH7OfQuYlAqhxNvTfiNMbV9hsC6Yp83yE5r2KTVmtrG6R9i6Pg=="
    },
    "node_modules/stackframe": {
      "version": "0.3.1",
      "resolved": "https://registry.npmjs.org/stackframe/-/stackframe-0.3.1.tgz",
      "integrity": "sha512-XmoiF4T5nuWEp2x2w92WdGjdHGY/cZa6LIbRsDRQR/Xlk4uW0PAUlH1zJYVffocwKpCdwyuypIp25xsSXEtZHw=="
    }
  }
}
